
Microsoft Visual Studio Solution File, Format Version 12.00
# Visual Studio Version 17
VisualStudioVersion = 17.3.32819.101
MinimumVisualStudioVersion = 10.0.40219.1
Project("{FAE04EC0-301F-11D3-BF4B-00C04F79EFBC}") = "api.examenparcial1", "api.examenparcial1.csproj", "{A047CDBC-E686-4C0C-9CAB-F61D30728B0A}"
EndProject
Global
	GlobalSection(SolutionConfigurationPlatforms) = preSolution
		Debug|Any CPU = Debug|Any CPU
		Release|Any CPU = Release|Any CPU
	EndGlobalSection
	GlobalSection(ProjectConfigurationPlatforms) = postSolution
		{A047CDBC-E686-4C0C-9CAB-F61D30728B0A}.Debug|Any CPU.ActiveCfg = Debug|Any CPU
		{A047CDBC-E686-4C0C-9CAB-F61D30728B0A}.Debug|Any CPU.Build.0 = Debug|Any CPU
		{A047CDBC-E686-4C0C-9CAB-F61D30728B0A}.Release|Any CPU.ActiveCfg = Release|Any CPU
		{A047CDBC-E686-4C0C-9CAB-F61D30728B0A}.Release|Any CPU.Build.0 = Release|Any CPU
	EndGlobalSection
	GlobalSection(SolutionProperties) = preSolution
		HideSolutionNode = FALSE
	EndGlobalSection
	GlobalSection(ExtensibilityGlobals) = postSolution
		SolutionGuid = {E263F8ED-0A2E-4187-8DDA-B526B30F9CA2}
	EndGlobalSection
EndGlobal
